
Microsoft Visual Studio Solution File, Format Version 12.00
# Visual Studio Version 17
VisualStudioVersion = 17.0.31903.59
MinimumVisualStudioVersion = 10.0.40219.1
Project("{FAE04EC0-301F-11D3-BF4B-00C04F79EFBC}") = "ExamManagement.Domain", "ExamManagement.Domain\ExamManagement.Domain.csproj", "{2B48D9FB-24F5-436F-ADEA-6F7135F3487C}"
EndProject
Project("{FAE04EC0-301F-11D3-BF4B-00C04F79EFBC}") = "ExamManagement.Infrastructure", "ExamManagement.Infrastructure\ExamManagement.Infrastructure.csproj", "{CCDCC907-6251-4EA5-8E1E-C00BE535CC9C}"
EndProject
Global
	GlobalSection(SolutionConfigurationPlatforms) = preSolution
		Debug|Any CPU = Debug|Any CPU
		Release|Any CPU = Release|Any CPU
	EndGlobalSection
	GlobalSection(ProjectConfigurationPlatforms) = postSolution
		{2B48D9FB-24F5-436F-ADEA-6F7135F3487C}.Debug|Any CPU.ActiveCfg = Debug|Any CPU
		{2B48D9FB-24F5-436F-ADEA-6F7135F3487C}.Debug|Any CPU.Build.0 = Debug|Any CPU
		{2B48D9FB-24F5-436F-ADEA-6F7135F3487C}.Release|Any CPU.ActiveCfg = Release|Any CPU
		{2B48D9FB-24F5-436F-ADEA-6F7135F3487C}.Release|Any CPU.Build.0 = Release|Any CPU
		{CCDCC907-6251-4EA5-8E1E-C00BE535CC9C}.Debug|Any CPU.ActiveCfg = Debug|Any CPU
		{CCDCC907-6251-4EA5-8E1E-C00BE535CC9C}.Debug|Any CPU.Build.0 = Debug|Any CPU
		{CCDCC907-6251-4EA5-8E1E-C00BE535CC9C}.Release|Any CPU.ActiveCfg = Release|Any CPU
		{CCDCC907-6251-4EA5-8E1E-C00BE535CC9C}.Release|Any CPU.Build.0 = Release|Any CPU
	EndGlobalSection
	GlobalSection(SolutionProperties) = preSolution
		HideSolutionNode = FALSE
	EndGlobalSection
	GlobalSection(ExtensibilityGlobals) = postSolution
		SolutionGuid = {55E0935D-73BC-4C7C-A081-589B02888634}
	EndGlobalSection
EndGlobal
